Microsoft Visual Studio Solution File, Format Version 11.00
# Visual Studio 2010
Project("{FAE04EC0-301F-11D3-BF4B-00C04F79EFBC}") = "Assembly-CSharp-firstpass", "Assembly-CSharp-firstpass.csproj", "{1FD03743-0291-5F09-072F-B4B844E152AD}"
EndProject
Project("{FAE04EC0-301F-11D3-BF4B-00C04F79EFBC}") = "Assembly-CSharp", "Assembly-CSharp.csproj", "{0BE51BF4-EBCB-32AB-DBD1-AFCECA0E766C}"
EndProject
Project("{FAE04EC0-301F-11D3-BF4B-00C04F79EFBC}") = "Assembly-CSharp-Editor", "Assembly-CSharp-Editor.csproj", "{BD758444-99D0-E481-008B-0FE042299CC9}"
EndProject
Project("{FAE04EC0-301F-11D3-BF4B-00C04F79EFBC}") = "Assembly-CSharp-Editor-firstpass", "Assembly-CSharp-Editor-firstpass.csproj", "{14BE5E14-AF49-9FC4-4770-656573AEF3DE}"
EndProject
Global
	GlobalSection(SolutionConfigurationPlatforms) = preSolution
		Debug|Any CPU = Debug|Any CPU
		Release|Any CPU = Release|Any CPU
	EndGlobalSection
	GlobalSection(ProjectConfigurationPlatforms) = postSolution
		{1FD03743-0291-5F09-072F-B4B844E152AD}.Debug|Any CPU.ActiveCfg = Debug|Any CPU
		{1FD03743-0291-5F09-072F-B4B844E152AD}.Debug|Any CPU.Build.0 = Debug|Any CPU
		{1FD03743-0291-5F09-072F-B4B844E152AD}.Release|Any CPU.ActiveCfg = Release|Any CPU
		{1FD03743-0291-5F09-072F-B4B844E152AD}.Release|Any CPU.Build.0 = Release|Any CPU
		{0BE51BF4-EBCB-32AB-DBD1-AFCECA0E766C}.Debug|Any CPU.ActiveCfg = Debug|Any CPU
		{0BE51BF4-EBCB-32AB-DBD1-AFCECA0E766C}.Debug|Any CPU.Build.0 = Debug|Any CPU
		{0BE51BF4-EBCB-32AB-DBD1-AFCECA0E766C}.Release|Any CPU.ActiveCfg = Release|Any CPU
		{0BE51BF4-EBCB-32AB-DBD1-AFCECA0E766C}.Release|Any CPU.Build.0 = Release|Any CPU
		{BD758444-99D0-E481-008B-0FE042299CC9}.Debug|Any CPU.ActiveCfg = Debug|Any CPU
		{BD758444-99D0-E481-008B-0FE042299CC9}.Debug|Any CPU.Build.0 = Debug|Any CPU
		{BD758444-99D0-E481-008B-0FE042299CC9}.Release|Any CPU.ActiveCfg = Release|Any CPU
		{BD758444-99D0-E481-008B-0FE042299CC9}.Release|Any CPU.Build.0 = Release|Any CPU
		{14BE5E14-AF49-9FC4-4770-656573AEF3DE}.Debug|Any CPU.ActiveCfg = Debug|Any CPU
		{14BE5E14-AF49-9FC4-4770-656573AEF3DE}.Debug|Any CPU.Build.0 = Debug|Any CPU
		{14BE5E14-AF49-9FC4-4770-656573AEF3DE}.Release|Any CPU.ActiveCfg = Release|Any CPU
		{14BE5E14-AF49-9FC4-4770-656573AEF3DE}.Release|Any CPU.Build.0 = Release|Any CPU
	EndGlobalSection
	GlobalSection(SolutionProperties) = preSolution
		HideSolutionNode = FALSE
	EndGlobalSection
	GlobalSection(MonoDevelopProperties) = preSolution
		StartupItem = Assembly-CSharp.csproj
	EndGlobalSection
EndGlobal
